// !$*UTF8*$!
{
	archiveVersion = 1;
	classes = {
	};
	objectVersion = 55;
	objects = {

/* Begin PBXBuildFile section */
		D80D58EB2938E3A700BE9B25 /* AppDelegate.swift in Sources */ = {isa = PBXBuildFile; fileRef = D80D58EA2938E3A700BE9B25 /* AppDelegate.swift */; };
		D80D58ED2938E3A700BE9B25 /* SceneDelegate.swift in Sources */ = {isa = PBXBuildFile; fileRef = D80D58EC2938E3A700BE9B25 /* SceneDelegate.swift */; };
		D80D58EF2938E3A700BE9B25 /* LoginViewController.swift in Sources */ = {isa = PBXBuildFile; fileRef = D80D58EE2938E3A700BE9B25 /* LoginViewController.swift */; };
		D80D58F42938E3A800BE9B25 /* Assets.xcassets in Resources */ = {isa = PBXBuildFile; fileRef = D80D58F32938E3A800BE9B25 /* Assets.xcassets */; };
		D80D58F72938E3A800BE9B25 /* LaunchScreen.storyboard in Resources */ = {isa = PBXBuildFile; fileRef = D80D58F52938E3A800BE9B25 /* LaunchScreen.storyboard */; };
		D80D59022938E3A800BE9B25 /* KellerAppTests.swift in Sources */ = {isa = PBXBuildFile; fileRef = D80D59012938E3A800BE9B25 /* KellerAppTests.swift */; };
		D80D590C2938E3A800BE9B25 /* KellerAppUITests.swift in Sources */ = {isa = PBXBuildFile; fileRef = D80D590B2938E3A800BE9B25 /* KellerAppUITests.swift */; };
		D80D590E2938E3A800BE9B25 /* KellerAppUITestsLaunchTests.swift in Sources */ = {isa = PBXBuildFile; fileRef = D80D590D2938E3A800BE9B25 /* KellerAppUITestsLaunchTests.swift */; };
		D80D591C2938E74D00BE9B25 /* LoginScreen.swift in Sources */ = {isa = PBXBuildFile; fileRef = D80D591B2938E74D00BE9B25 /* LoginScreen.swift */; };
		D80D591F2938F8E400BE9B25 /* GoogleService-Info.plist in Resources */ = {isa = PBXBuildFile; fileRef = D80D591E2938F8E400BE9B25 /* GoogleService-Info.plist */; };
		D80D59222938F9BC00BE9B25 /* FirebaseAuth in Frameworks */ = {isa = PBXBuildFile; productRef = D80D59212938F9BC00BE9B25 /* FirebaseAuth */; };
		D80D59242938F9BC00BE9B25 /* FirebaseDatabase in Frameworks */ = {isa = PBXBuildFile; productRef = D80D59232938F9BC00BE9B25 /* FirebaseDatabase */; };
		D80D59262938F9BC00BE9B25 /* FirebaseFirestore in Frameworks */ = {isa = PBXBuildFile; productRef = D80D59252938F9BC00BE9B25 /* FirebaseFirestore */; };
		D80D59282938F9BC00BE9B25 /* FirebaseStorage in Frameworks */ = {isa = PBXBuildFile; productRef = D80D59272938F9BC00BE9B25 /* FirebaseStorage */; };
		D80D592B29392B1700BE9B25 /* ForgotPasswordScreen.swift in Sources */ = {isa = PBXBuildFile; fileRef = D80D592A29392B1700BE9B25 /* ForgotPasswordScreen.swift */; };
		D80D592E29392F1600BE9B25 /* ForgotPasswordViewController.swift in Sources */ = {isa = PBXBuildFile; fileRef = D80D592D29392F1600BE9B25 /* ForgotPasswordViewController.swift */; };
		D80D5932293A6EAA00BE9B25 /* CreateAccountViewController.swift in Sources */ = {isa = PBXBuildFile; fileRef = D80D5931293A6EAA00BE9B25 /* CreateAccountViewController.swift */; };
		D80D5936293A6EE700BE9B25 /* CreateAccountScreen.swift in Sources */ = {isa = PBXBuildFile; fileRef = D80D5935293A6EE700BE9B25 /* CreateAccountScreen.swift */; };
/* End PBXBuildFile section */

/* Begin PBXContainerItemProxy section */
		D80D58FE2938E3A800BE9B25 /* PBXContainerItemProxy */ = {
			isa = PBXContainerItemProxy;
			containerPortal = D80D58DF2938E3A700BE9B25 /* Project object */;
			proxyType = 1;
			remoteGlobalIDString = D80D58E62938E3A700BE9B25;
			remoteInfo = KellerApp;
		};
		D80D59082938E3A800BE9B25 /* PBXContainerItemProxy */ = {
			isa = PBXContainerItemProxy;
			containerPortal = D80D58DF2938E3A700BE9B25 /* Project object */;
			proxyType = 1;
			remoteGlobalIDString = D80D58E62938E3A700BE9B25;
			remoteInfo = KellerApp;
		};
/* End PBXContainerItemProxy section */

/* Begin PBXFileReference section */
		D80D58E72938E3A700BE9B25 /* KellerApp.app */ = {isa = PBXFileReference; explicitFileType = wrapper.application; includeInIndex = 0; path = KellerApp.app; sourceTree = BUILT_PRODUCTS_DIR; };
		D80D58EA2938E3A700BE9B25 /* AppDelegate.swift */ = {isa = PBXFileReference; lastKnownFileType = sourcecode.swift; path = AppDelegate.swift; sourceTree = "<group>"; };
		D80D58EC2938E3A700BE9B25 /* SceneDelegate.swift */ = {isa = PBXFileReference; lastKnownFileType = sourcecode.swift; path = SceneDelegate.swift; sourceTree = "<group>"; };
		D80D58EE2938E3A700BE9B25 /* LoginViewController.swift */ = {isa = PBXFileReference; lastKnownFileType = sourcecode.swift; path = LoginViewController.swift; sourceTree = "<group>"; };
		D80D58F32938E3A800BE9B25 /* Assets.xcassets */ = {isa = PBXFileReference; lastKnownFileType = folder.assetcatalog; path = Assets.xcassets; sourceTree = "<group>"; };
		D80D58F62938E3A800BE9B25 /* Base */ = {isa = PBXFileReference; lastKnownFileType = file.storyboard; name = Base; path = Base.lproj/LaunchScreen.storyboard; sourceTree = "<group>"; };
		D80D58F82938E3A800BE9B25 /* Info.plist */ = {isa = PBXFileReference; lastKnownFileType = text.plist.xml; path = Info.plist; sourceTree = "<group>"; };
		D80D58FD2938E3A800BE9B25 /* KellerAppTests.xctest */ = {isa = PBXFileReference; explicitFileType = wrapper.cfbundle; includeInIndex = 0; path = KellerAppTests.xctest; sourceTree = BUILT_PRODUCTS_DIR; };
		D80D59012938E3A800BE9B25 /* KellerAppTests.swift */ = {isa = PBXFileReference; lastKnownFileType = sourcecode.swift; path = KellerAppTests.swift; sourceTree = "<group>"; };
		D80D59072938E3A800BE9B25 /* KellerAppUITests.xctest */ = {isa = PBXFileReference; explicitFileType = wrapper.cfbundle; includeInIndex = 0; path = KellerAppUITests.xctest; sourceTree = BUILT_PRODUCTS_DIR; };
		D80D590B2938E3A800BE9B25 /* KellerAppUITests.swift */ = {isa = PBXFileReference; lastKnownFileType = sourcecode.swift; path = KellerAppUITests.swift; sourceTree = "<group>"; };
		D80D590D2938E3A800BE9B25 /* KellerAppUITestsLaunchTests.swift */ = {isa = PBXFileReference; lastKnownFileType = sourcecode.swift; path = KellerAppUITestsLaunchTests.swift; sourceTree = "<group>"; };
		D80D591B2938E74D00BE9B25 /* LoginScreen.swift */ = {isa = PBXFileReference; lastKnownFileType = sourcecode.swift; path = LoginScreen.swift; sourceTree = "<group>"; };
		D80D591E2938F8E400BE9B25 /* GoogleService-Info.plist */ = {isa = PBXFileReference; fileEncoding = 4; lastKnownFileType = text.plist.xml; path = "GoogleService-Info.plist"; sourceTree = "<group>"; };
		D80D592A29392B1700BE9B25 /* ForgotPasswordScreen.swift */ = {isa = PBXFileReference; lastKnownFileType = sourcecode.swift; path = ForgotPasswordScreen.swift; sourceTree = "<group>"; };
		D80D592D29392F1600BE9B25 /* ForgotPasswordViewController.swift */ = {isa = PBXFileReference; lastKnownFileType = sourcecode.swift; path = ForgotPasswordViewController.swift; sourceTree = "<group>"; };
		D80D5931293A6EAA00BE9B25 /* CreateAccountViewController.swift */ = {isa = PBXFileReference; lastKnownFileType = sourcecode.swift; path = CreateAccountViewController.swift; sourceTree = "<group>"; };
		D80D5935293A6EE700BE9B25 /* CreateAccountScreen.swift */ = {isa = PBXFileReference; lastKnownFileType = sourcecode.swift; path = CreateAccountScreen.swift; sourceTree = "<group>"; };
/* End PBXFileReference section */

/* Begin PBXFrameworksBuildPhase section */
		D80D58E42938E3A700BE9B25 /* Frameworks */ = {
			isa = PBXFrameworksBuildPhase;
			buildActionMask = 2147483647;
			files = (
				D80D59242938F9BC00BE9B25 /* FirebaseDatabase in Frameworks */,
				D80D59282938F9BC00BE9B25 /* FirebaseStorage in Frameworks */,
				D80D59222938F9BC00BE9B25 /* FirebaseAuth in Frameworks */,
				D80D59262938F9BC00BE9B25 /* FirebaseFirestore in Frameworks */,
			);
			runOnlyForDeploymentPostprocessing = 0;
		};
		D80D58FA2938E3A800BE9B25 /* Frameworks */ = {
			isa = PBXFrameworksBuildPhase;
			buildActionMask = 2147483647;
			files = (
			);
			runOnlyForDeploymentPostprocessing = 0;
		};
		D80D59042938E3A800BE9B25 /* Frameworks */ = {
			isa = PBXFrameworksBuildPhase;
			buildActionMask = 2147483647;
			files = (
			);
			runOnlyForDeploymentPostprocessing = 0;
		};
/* End PBXFrameworksBuildPhase section */

/* Begin PBXGroup section */
		D80D58DE2938E3A700BE9B25 = {
			isa = PBXGroup;
			children = (
				D80D58E92938E3A700BE9B25 /* KellerApp */,
				D80D59002938E3A800BE9B25 /* KellerAppTests */,
				D80D590A2938E3A800BE9B25 /* KellerAppUITests */,
				D80D58E82938E3A700BE9B25 /* Products */,
			);
			sourceTree = "<group>";
		};
		D80D58E82938E3A700BE9B25 /* Products */ = {
			isa = PBXGroup;
			children = (
				D80D58E72938E3A700BE9B25 /* KellerApp.app */,
				D80D58FD2938E3A800BE9B25 /* KellerAppTests.xctest */,
				D80D59072938E3A800BE9B25 /* KellerAppUITests.xctest */,
			);
			name = Products;
			sourceTree = "<group>";
		};
		D80D58E92938E3A700BE9B25 /* KellerApp */ = {
			isa = PBXGroup;
			children = (
				D80D5930293A6E7500BE9B25 /* CreateAccount */,
				D80D592929392AEE00BE9B25 /* ForgotPassword */,
				D80D591A2938E71F00BE9B25 /* Login */,
				D80D58EE2938E3A700BE9B25 /* LoginViewController.swift */,
				D80D591D2938EAAC00BE9B25 /* AppDelegate */,
				D80D58F32938E3A800BE9B25 /* Assets.xcassets */,
				D80D58F52938E3A800BE9B25 /* LaunchScreen.storyboard */,
				D80D58F82938E3A800BE9B25 /* Info.plist */,
				D80D591E2938F8E400BE9B25 /* GoogleService-Info.plist */,
			);
			path = KellerApp;
			sourceTree = "<group>";
		};
		D80D59002938E3A800BE9B25 /* KellerAppTests */ = {
			isa = PBXGroup;
			children = (
				D80D59012938E3A800BE9B25 /* KellerAppTests.swift */,
			);
			path = KellerAppTests;
			sourceTree = "<group>";
		};
		D80D590A2938E3A800BE9B25 /* KellerAppUITests */ = {
			isa = PBXGroup;
			children = (
				D80D590B2938E3A800BE9B25 /* KellerAppUITests.swift */,
				D80D590D2938E3A800BE9B25 /* KellerAppUITestsLaunchTests.swift */,
			);
			path = KellerAppUITests;
			sourceTree = "<group>";
		};
		D80D591A2938E71F00BE9B25 /* Login */ = {
			isa = PBXGroup;
			children = (
				D80D5933293A6EC300BE9B25 /* Screen */,
			);
			path = Login;
			sourceTree = "<group>";
		};
		D80D591D2938EAAC00BE9B25 /* AppDelegate */ = {
			isa = PBXGroup;
			children = (
				D80D58EA2938E3A700BE9B25 /* AppDelegate.swift */,
				D80D58EC2938E3A700BE9B25 /* SceneDelegate.swift */,
			);
			path = AppDelegate;
			sourceTree = "<group>";
		};
		D80D592929392AEE00BE9B25 /* ForgotPassword */ = {
			isa = PBXGroup;
			children = (
				D80D592C29392EF100BE9B25 /* Screen */,
				D80D592D29392F1600BE9B25 /* ForgotPasswordViewController.swift */,
			);
			path = ForgotPassword;
			sourceTree = "<group>";
		};
		D80D592C29392EF100BE9B25 /* Screen */ = {
			isa = PBXGroup;
			children = (
				D80D592A29392B1700BE9B25 /* ForgotPasswordScreen.swift */,
			);
			path = Screen;
			sourceTree = "<group>";
		};
		D80D5930293A6E7500BE9B25 /* CreateAccount */ = {
			isa = PBXGroup;
			children = (
				D80D5934293A6ED200BE9B25 /* Screen */,
				D80D5931293A6EAA00BE9B25 /* CreateAccountViewController.swift */,
			);
			path = CreateAccount;
			sourceTree = "<group>";
		};
		D80D5933293A6EC300BE9B25 /* Screen */ = {
			isa = PBXGroup;
			children = (
				D80D591B2938E74D00BE9B25 /* LoginScreen.swift */,
			);
			path = Screen;
			sourceTree = "<group>";
		};
		D80D5934293A6ED200BE9B25 /* Screen */ = {
			isa = PBXGroup;
			children = (
				D80D5935293A6EE700BE9B25 /* CreateAccountScreen.swift */,
			);
			path = Screen;
			sourceTree = "<group>";
		};
/* End PBXGroup section */

/* Begin PBXNativeTarget section */
		D80D58E62938E3A700BE9B25 /* KellerApp */ = {
			isa = PBXNativeTarget;
			buildConfigurationList = D80D59112938E3A800BE9B25 /* Build configuration list for PBXNativeTarget "KellerApp" */;
			buildPhases = (
				D80D58E32938E3A700BE9B25 /* Sources */,
				D80D58E42938E3A700BE9B25 /* Frameworks */,
				D80D58E52938E3A700BE9B25 /* Resources */,
			);
			buildRules = (
			);
			dependencies = (
			);
			name = KellerApp;
			packageProductDependencies = (
				D80D59212938F9BC00BE9B25 /* FirebaseAuth */,
				D80D59232938F9BC00BE9B25 /* FirebaseDatabase */,
				D80D59252938F9BC00BE9B25 /* FirebaseFirestore */,
				D80D59272938F9BC00BE9B25 /* FirebaseStorage */,
			);
			productName = KellerApp;
			productReference = D80D58E72938E3A700BE9B25 /* KellerApp.app */;
			productType = "com.apple.product-type.application";
		};
		D80D58FC2938E3A800BE9B25 /* KellerAppTests */ = {
			isa = PBXNativeTarget;
			buildConfigurationList = D80D59142938E3A800BE9B25 /* Build configuration list for PBXNativeTarget "KellerAppTests" */;
			buildPhases = (
				D80D58F92938E3A800BE9B25 /* Sources */,
				D80D58FA2938E3A800BE9B25 /* Frameworks */,
				D80D58FB2938E3A800BE9B25 /* Resources */,
			);
			buildRules = (
			);
			dependencies = (
				D80D58FF2938E3A800BE9B25 /* PBXTargetDependency */,
			);
			name = KellerAppTests;
			productName = KellerAppTests;
			productReference = D80D58FD2938E3A800BE9B25 /* KellerAppTests.xctest */;
			productType = "com.apple.product-type.bundle.unit-test";
		};
		D80D59062938E3A800BE9B25 /* KellerAppUITests */ = {
			isa = PBXNativeTarget;
			buildConfigurationList = D80D59172938E3A800BE9B25 /* Build configuration list for PBXNativeTarget "KellerAppUITests" */;
			buildPhases = (
				D80D59032938E3A800BE9B25 /* Sources */,
				D80D59042938E3A800BE9B25 /* Frameworks */,
				D80D59052938E3A800BE9B25 /* Resources */,
			);
			buildRules = (
			);
			dependencies = (
				D80D59092938E3A800BE9B25 /* PBXTargetDependency */,
			);
			name = KellerAppUITests;
			productName = KellerAppUITests;
			productReference = D80D59072938E3A800BE9B25 /* KellerAppUITests.xctest */;
			productType = "com.apple.product-type.bundle.ui-testing";
		};
/* End PBXNativeTarget section */

/* Begin PBXProject section */
		D80D58DF2938E3A700BE9B25 /* Project object */ = {
			isa = PBXProject;
			attributes = {
				BuildIndependentTargetsInParallel = 1;
				LastSwiftUpdateCheck = 1340;
				LastUpgradeCheck = 1340;
				TargetAttributes = {
					D80D58E62938E3A700BE9B25 = {
						CreatedOnToolsVersion = 13.4.1;
					};
					D80D58FC2938E3A800BE9B25 = {
						CreatedOnToolsVersion = 13.4.1;
						TestTargetID = D80D58E62938E3A700BE9B25;
					};
					D80D59062938E3A800BE9B25 = {
						CreatedOnToolsVersion = 13.4.1;
						TestTargetID = D80D58E62938E3A700BE9B25;
					};
				};
			};
			buildConfigurationList = D80D58E22938E3A700BE9B25 /* Build configuration list for PBXProject "KellerApp" */;
			compatibilityVersion = "Xcode 13.0";
			developmentRegion = en;
			hasScannedForEncodings = 0;
			knownRegions = (
				en,
				Base,
			);
			mainGroup = D80D58DE2938E3A700BE9B25;
			packageReferences = (
				D80D59202938F9BC00BE9B25 /* XCRemoteSwiftPackageReference "firebase-ios-sdk" */,
			);
			productRefGroup = D80D58E82938E3A700BE9B25 /* Products */;
			projectDirPath = "";
			projectRoot = "";
			targets = (
				D80D58E62938E3A700BE9B25 /* KellerApp */,
				D80D58FC2938E3A800BE9B25 /* KellerAppTests */,
				D80D59062938E3A800BE9B25 /* KellerAppUITests */,
			);
		};
/* End PBXProject section */

/* Begin PBXResourcesBuildPhase section */
		D80D58E52938E3A700BE9B25 /* Resources */ = {
			isa = PBXResourcesBuildPhase;
			buildActionMask = 2147483647;
			files = (
				D80D58F72938E3A800BE9B25 /* LaunchScreen.storyboard in Resources */,
				D80D58F42938E3A800BE9B25 /* Assets.xcassets in Resources */,
				D80D591F2938F8E400BE9B25 /* GoogleService-Info.plist in Resources */,
			);
			runOnlyForDeploymentPostprocessing = 0;
		};
		D80D58FB2938E3A800BE9B25 /* Resources */ = {
			isa = PBXResourcesBuildPhase;
			buildActionMask = 2147483647;
			files = (
			);
			runOnlyForDeploymentPostprocessing = 0;
		};
		D80D59052938E3A800BE9B25 /* Resources */ = {
			isa = PBXResourcesBuildPhase;
			buildActionMask = 2147483647;
			files = (
			);
			runOnlyForDeploymentPostprocessing = 0;
		};
/* End PBXResourcesBuildPhase section */

/* Begin PBXSourcesBuildPhase section */
		D80D58E32938E3A700BE9B25 /* Sources */ = {
			isa = PBXSourcesBuildPhase;
			buildActionMask = 2147483647;
			files = (
				D80D5932293A6EAA00BE9B25 /* CreateAccountViewController.swift in Sources */,
				D80D592E29392F1600BE9B25 /* ForgotPasswordViewController.swift in Sources */,
				D80D58EF2938E3A700BE9B25 /* LoginViewController.swift in Sources */,
				D80D591C2938E74D00BE9B25 /* LoginScreen.swift in Sources */,
				D80D58EB2938E3A700BE9B25 /* AppDelegate.swift in Sources */,
				D80D5936293A6EE700BE9B25 /* CreateAccountScreen.swift in Sources */,
				D80D58ED2938E3A700BE9B25 /* SceneDelegate.swift in Sources */,
				D80D592B29392B1700BE9B25 /* ForgotPasswordScreen.swift in Sources */,
			);
			runOnlyForDeploymentPostprocessing = 0;
		};
		D80D58F92938E3A800BE9B25 /* Sources */ = {
			isa = PBXSourcesBuildPhase;
			buildActionMask = 2147483647;
			files = (
				D80D59022938E3A800BE9B25 /* KellerAppTests.swift in Sources */,
			);
			runOnlyForDeploymentPostprocessing = 0;
		};
		D80D59032938E3A800BE9B25 /* Sources */ = {
			isa = PBXSourcesBuildPhase;
			buildActionMask = 2147483647;
			files = (
				D80D590C2938E3A800BE9B25 /* KellerAppUITests.swift in Sources */,
				D80D590E2938E3A800BE9B25 /* KellerAppUITestsLaunchTests.swift in Sources */,
			);
			runOnlyForDeploymentPostprocessing = 0;
		};
/* End PBXSourcesBuildPhase section */

/* Begin PBXTargetDependency section */
		D80D58FF2938E3A800BE9B25 /* PBXTargetDependency */ = {
			isa = PBXTargetDependency;
			target = D80D58E62938E3A700BE9B25 /* KellerApp */;
			targetProxy = D80D58FE2938E3A800BE9B25 /* PBXContainerItemProxy */;
		};
		D80D59092938E3A800BE9B25 /* PBXTargetDependency */ = {
			isa = PBXTargetDependency;
			target = D80D58E62938E3A700BE9B25 /* KellerApp */;
			targetProxy = D80D59082938E3A800BE9B25 /* PBXContainerItemProxy */;
		};
/* End PBXTargetDependency section */

/* Begin PBXVariantGroup section */
		D80D58F52938E3A800BE9B25 /* LaunchScreen.storyboard */ = {
			isa = PBXVariantGroup;
			children = (
				D80D58F62938E3A800BE9B25 /* Base */,
			);
			name = LaunchScreen.storyboard;
			sourceTree = "<group>";
		};
/* End PBXVariantGroup section */

/* Begin XCBuildConfiguration section */
		D80D590F2938E3A800BE9B25 /* Debug */ = {
			isa = XCBuildConfiguration;
			buildSettings = {
				ALWAYS_SEARCH_USER_PATHS = NO;
				CLANG_ANALYZER_NONNULL = YES;
				CLANG_ANALYZER_NUMBER_OBJECT_CONVERSION = YES_AGGRESSIVE;
				CLANG_CXX_LANGUAGE_STANDARD = "gnu++17";
				CLANG_ENABLE_MODULES = YES;
				CLANG_ENABLE_OBJC_ARC = YES;
				CLANG_ENABLE_OBJC_WEAK = YES;
				CLANG_WARN_BLOCK_CAPTURE_AUTORELEASING = YES;
				CLANG_WARN_BOOL_CONVERSION = YES;
				CLANG_WARN_COMMA = YES;
				CLANG_WARN_CONSTANT_CONVERSION = YES;
				CLANG_WARN_DEPRECATED_OBJC_IMPLEMENTATIONS = YES;
				CLANG_WARN_DIRECT_OBJC_ISA_USAGE = YES_ERROR;
				CLANG_WARN_DOCUMENTATION_COMMENTS = YES;
				CLANG_WARN_EMPTY_BODY = YES;
				CLANG_WARN_ENUM_CONVERSION = YES;
				CLANG_WARN_INFINITE_RECURSION = YES;
				CLANG_WARN_INT_CONVERSION = YES;
				CLANG_WARN_NON_LITERAL_NULL_CONVERSION = YES;
				CLANG_WARN_OBJC_IMPLICIT_RETAIN_SELF = YES;
				CLANG_WARN_OBJC_LITERAL_CONVERSION = YES;
				CLANG_WARN_OBJC_ROOT_CLASS = YES_ERROR;
				CLANG_WARN_QUOTED_INCLUDE_IN_FRAMEWORK_HEADER = YES;
				CLANG_WARN_RANGE_LOOP_ANALYSIS = YES;
				CLANG_WARN_STRICT_PROTOTYPES = YES;
				CLANG_WARN_SUSPICIOUS_MOVE = YES;
				CLANG_WARN_UNGUARDED_AVAILABILITY = YES_AGGRESSIVE;
				CLANG_WARN_UNREACHABLE_CODE = YES;
				CLANG_WARN__DUPLICATE_METHOD_MATCH = YES;
				COPY_PHASE_STRIP = NO;
				DEBUG_INFORMATION_FORMAT = dwarf;
				ENABLE_STRICT_OBJC_MSGSEND = YES;
				ENABLE_TESTABILITY = YES;
				GCC_C_LANGUAGE_STANDARD = gnu11;
				GCC_DYNAMIC_NO_PIC = NO;
				GCC_NO_COMMON_BLOCKS = YES;
				GCC_OPTIMIZATION_LEVEL = 0;
				GCC_PREPROCESSOR_DEFINITIONS = (
					"DEBUG=1",
					"$(inherited)",
				);
				GCC_WARN_64_TO_32_BIT_CONVERSION = YES;
				GCC_WARN_ABOUT_RETURN_TYPE = YES_ERROR;
				GCC_WARN_UNDECLARED_SELECTOR = YES;
				GCC_WARN_UNINITIALIZED_AUTOS = YES_AGGRESSIVE;
				GCC_WARN_UNUSED_FUNCTION = YES;
				GCC_WARN_UNUSED_VARIABLE = YES;
				IPHONEOS_DEPLOYMENT_TARGET = 15.5;
				MTL_ENABLE_DEBUG_INFO = INCLUDE_SOURCE;
				MTL_FAST_MATH = YES;
				ONLY_ACTIVE_ARCH = YES;
				SDKROOT = iphoneos;
				SWIFT_ACTIVE_COMPILATION_CONDITIONS = DEBUG;
				SWIFT_OPTIMIZATION_LEVEL = "-Onone";
			};
			name = Debug;
		};
		D80D59102938E3A800BE9B25 /* Release */ = {
			isa = XCBuildConfiguration;
			buildSettings = {
				ALWAYS_SEARCH_USER_PATHS = NO;
				CLANG_ANALYZER_NONNULL = YES;
				CLANG_ANALYZER_NUMBER_OBJECT_CONVERSION = YES_AGGRESSIVE;
				CLANG_CXX_LANGUAGE_STANDARD = "gnu++17";
				CLANG_ENABLE_MODULES = YES;
				CLANG_ENABLE_OBJC_ARC = YES;
				CLANG_ENABLE_OBJC_WEAK = YES;
				CLANG_WARN_BLOCK_CAPTURE_AUTORELEASING = YES;
				CLANG_WARN_BOOL_CONVERSION = YES;
				CLANG_WARN_COMMA = YES;
				CLANG_WARN_CONSTANT_CONVERSION = YES;
				CLANG_WARN_DEPRECATED_OBJC_IMPLEMENTATIONS = YES;
				CLANG_WARN_DIRECT_OBJC_ISA_USAGE = YES_ERROR;
				CLANG_WARN_DOCUMENTATION_COMMENTS = YES;
				CLANG_WARN_EMPTY_BODY = YES;
				CLANG_WARN_ENUM_CONVERSION = YES;
				CLANG_WARN_INFINITE_RECURSION = YES;
				CLANG_WARN_INT_CONVERSION = YES;
				CLANG_WARN_NON_LITERAL_NULL_CONVERSION = YES;
				CLANG_WARN_OBJC_IMPLICIT_RETAIN_SELF = YES;
				CLANG_WARN_OBJC_LITERAL_CONVERSION = YES;
				CLANG_WARN_OBJC_ROOT_CLASS = YES_ERROR;
				CLANG_WARN_QUOTED_INCLUDE_IN_FRAMEWORK_HEADER = YES;
				CLANG_WARN_RANGE_LOOP_ANALYSIS = YES;
				CLANG_WARN_STRICT_PROTOTYPES = YES;
				CLANG_WARN_SUSPICIOUS_MOVE = YES;
				CLANG_WARN_UNGUARDED_AVAILABILITY = YES_AGGRESSIVE;
				CLANG_WARN_UNREACHABLE_CODE = YES;
				CLANG_WARN__DUPLICATE_METHOD_MATCH = YES;
				COPY_PHASE_STRIP = NO;
				DEBUG_INFORMATION_FORMAT = "dwarf-with-dsym";
				ENABLE_NS_ASSERTIONS = NO;
				ENABLE_STRICT_OBJC_MSGSEND = YES;
				GCC_C_LANGUAGE_STANDARD = gnu11;
				GCC_NO_COMMON_BLOCKS = YES;
				GCC_WARN_64_TO_32_BIT_CONVERSION = YES;
				GCC_WARN_ABOUT_RETURN_TYPE = YES_ERROR;
				GCC_WARN_UNDECLARED_SELECTOR = YES;
				GCC_WARN_UNINITIALIZED_AUTOS = YES_AGGRESSIVE;
				GCC_WARN_UNUSED_FUNCTION = YES;
				GCC_WARN_UNUSED_VARIABLE = YES;
				IPHONEOS_DEPLOYMENT_TARGET = 15.5;
				MTL_ENABLE_DEBUG_INFO = NO;
				MTL_FAST_MATH = YES;
				SDKROOT = iphoneos;
				SWIFT_COMPILATION_MODE = wholemodule;
				SWIFT_OPTIMIZATION_LEVEL = "-O";
				VALIDATE_PRODUCT = YES;
			};
			name = Release;
		};
		D80D59122938E3A800BE9B25 /* Debug */ = {
			isa = XCBuildConfiguration;
			buildSettings = {
				ASSETCATALOG_COMPILER_APPICON_NAME = AppIcon;
				ASSETCATALOG_COMPILER_GLOBAL_ACCENT_COLOR_NAME = AccentColor;
				CODE_SIGN_STYLE = Automatic;
				CURRENT_PROJECT_VERSION = 1;
				DEVELOPMENT_TEAM = 5Y42486VU2;
				GENERATE_INFOPLIST_FILE = YES;
				INFOPLIST_FILE = KellerApp/Info.plist;
				INFOPLIST_KEY_UIApplicationSupportsIndirectInputEvents = YES;
				INFOPLIST_KEY_UILaunchStoryboardName = LaunchScreen;
				INFOPLIST_KEY_UISupportedInterfaceOrientations_iPad = "UIInterfaceOrientationPortrait UIInterfaceOrientationPortraitUpsideDown UIInterfaceOrientationLandscapeLeft UIInterfaceOrientationLandscapeRight";
				INFOPLIST_KEY_UISupportedInterfaceOrientations_iPhone = "UIInterfaceOrientationPortrait UIInterfaceOrientationLandscapeLeft UIInterfaceOrientationLandscapeRight";
				LD_RUNPATH_SEARCH_PATHS = (
					"$(inherited)",
					"@executable_path/Frameworks",
				);
				MARKETING_VERSION = 1.0;
				PRODUCT_BUNDLE_IDENTIFIER = br.com.keller.KellerApp;
				PRODUCT_NAME = "$(TARGET_NAME)";
				SWIFT_EMIT_LOC_STRINGS = YES;
				SWIFT_VERSION = 5.0;
				TARGETED_DEVICE_FAMILY = "1,2";
			};
			name = Debug;
		};
		D80D59132938E3A800BE9B25 /* Release */ = {
			isa = XCBuildConfiguration;
			buildSettings = {
				ASSETCATALOG_COMPILER_APPICON_NAME = AppIcon;
				ASSETCATALOG_COMPILER_GLOBAL_ACCENT_COLOR_NAME = AccentColor;
				CODE_SIGN_STYLE = Automatic;
				CURRENT_PROJECT_VERSION = 1;
				DEVELOPMENT_TEAM = 5Y42486VU2;
				GENERATE_INFOPLIST_FILE = YES;
				INFOPLIST_FILE = KellerApp/Info.plist;
				INFOPLIST_KEY_UIApplicationSupportsIndirectInputEvents = YES;
				INFOPLIST_KEY_UILaunchStoryboardName = LaunchScreen;
				INFOPLIST_KEY_UISupportedInterfaceOrientations_iPad = "UIInterfaceOrientationPortrait UIInterfaceOrientationPortraitUpsideDown UIInterfaceOrientationLandscapeLeft UIInterfaceOrientationLandscapeRight";
				INFOPLIST_KEY_UISupportedInterfaceOrientations_iPhone = "UIInterfaceOrientationPortrait UIInterfaceOrientationLandscapeLeft UIInterfaceOrientationLandscapeRight";
				LD_RUNPATH_SEARCH_PATHS = (
					"$(inherited)",
					"@executable_path/Frameworks",
				);
				MARKETING_VERSION = 1.0;
				PRODUCT_BUNDLE_IDENTIFIER = br.com.keller.KellerApp;
				PRODUCT_NAME = "$(TARGET_NAME)";
				SWIFT_EMIT_LOC_STRINGS = YES;
				SWIFT_VERSION = 5.0;
				TARGETED_DEVICE_FAMILY = "1,2";
			};
			name = Release;
		};
		D80D59152938E3A800BE9B25 /* Debug */ = {
			isa = XCBuildConfiguration;
			buildSettings = {
				ALWAYS_EMBED_SWIFT_STANDARD_LIBRARIES = YES;
				BUNDLE_LOADER = "$(TEST_HOST)";
				CODE_SIGN_STYLE = Automatic;
				CURRENT_PROJECT_VERSION = 1;
				DEVELOPMENT_TEAM = 5Y42486VU2;
				GENERATE_INFOPLIST_FILE = YES;
				IPHONEOS_DEPLOYMENT_TARGET = 15.5;
				MARKETING_VERSION = 1.0;
				PRODUCT_BUNDLE_IDENTIFIER = br.com.keller.KellerAppTests;
				PRODUCT_NAME = "$(TARGET_NAME)";
				SWIFT_EMIT_LOC_STRINGS = NO;
				SWIFT_VERSION = 5.0;
				TARGETED_DEVICE_FAMILY = "1,2";
				TEST_HOST = "$(BUILT_PRODUCTS_DIR)/KellerApp.app/KellerApp";
			};
			name = Debug;
		};
		D80D59162938E3A800BE9B25 /* Release */ = {
			isa = XCBuildConfiguration;
			buildSettings = {
				ALWAYS_EMBED_SWIFT_STANDARD_LIBRARIES = YES;
				BUNDLE_LOADER = "$(TEST_HOST)";
				CODE_SIGN_STYLE = Automatic;
				CURRENT_PROJECT_VERSION = 1;
				DEVELOPMENT_TEAM = 5Y42486VU2;
				GENERATE_INFOPLIST_FILE = YES;
				IPHONEOS_DEPLOYMENT_TARGET = 15.5;
				MARKETING_VERSION = 1.0;
				PRODUCT_BUNDLE_IDENTIFIER = br.com.keller.KellerAppTests;
				PRODUCT_NAME = "$(TARGET_NAME)";
				SWIFT_EMIT_LOC_STRINGS = NO;
				SWIFT_VERSION = 5.0;
				TARGETED_DEVICE_FAMILY = "1,2";
				TEST_HOST = "$(BUILT_PRODUCTS_DIR)/KellerApp.app/KellerApp";
			};
			name = Release;
		};
		D80D59182938E3A800BE9B25 /* Debug */ = {
			isa = XCBuildConfiguration;
			buildSettings = {
				ALWAYS_EMBED_SWIFT_STANDARD_LIBRARIES = YES;
				CODE_SIGN_STYLE = Automatic;
				CURRENT_PROJECT_VERSION = 1;
				DEVELOPMENT_TEAM = 5Y42486VU2;
				GENERATE_INFOPLIST_FILE = YES;
				MARKETING_VERSION = 1.0;
				PRODUCT_BUNDLE_IDENTIFIER = br.com.keller.KellerAppUITests;
				PRODUCT_NAME = "$(TARGET_NAME)";
				SWIFT_EMIT_LOC_STRINGS = NO;
				SWIFT_VERSION = 5.0;
				TARGETED_DEVICE_FAMILY = "1,2";
				TEST_TARGET_NAME = KellerApp;
			};
			name = Debug;
		};
		D80D59192938E3A800BE9B25 /* Release */ = {
			isa = XCBuildConfiguration;
			buildSettings = {
				ALWAYS_EMBED_SWIFT_STANDARD_LIBRARIES = YES;
				CODE_SIGN_STYLE = Automatic;
				CURRENT_PROJECT_VERSION = 1;
				DEVELOPMENT_TEAM = 5Y42486VU2;
				GENERATE_INFOPLIST_FILE = YES;
				MARKETING_VERSION = 1.0;
				PRODUCT_BUNDLE_IDENTIFIER = br.com.keller.KellerAppUITests;
				PRODUCT_NAME = "$(TARGET_NAME)";
				SWIFT_EMIT_LOC_STRINGS = NO;
				SWIFT_VERSION = 5.0;
				TARGETED_DEVICE_FAMILY = "1,2";
				TEST_TARGET_NAME = KellerApp;
			};
			name = Release;
		};
/* End XCBuildConfiguration section */

/* Begin XCConfigurationList section */
		D80D58E22938E3A700BE9B25 /* Build configuration list for PBXProject "KellerApp" */ = {
			isa = XCConfigurationList;
			buildConfigurations = (
				D80D590F2938E3A800BE9B25 /* Debug */,
				D80D59102938E3A800BE9B25 /* Release */,
			);
			defaultConfigurationIsVisible = 0;
			defaultConfigurationName = Release;
		};
		D80D59112938E3A800BE9B25 /* Build configuration list for PBXNativeTarget "KellerApp" */ = {
			isa = XCConfigurationList;
			buildConfigurations = (
				D80D59122938E3A800BE9B25 /* Debug */,
				D80D59132938E3A800BE9B25 /* Release */,
			);
			defaultConfigurationIsVisible = 0;
			defaultConfigurationName = Release;
		};
		D80D59142938E3A800BE9B25 /* Build configuration list for PBXNativeTarget "KellerAppTests" */ = {
			isa = XCConfigurationList;
			buildConfigurations = (
				D80D59152938E3A800BE9B25 /* Debug */,
				D80D59162938E3A800BE9B25 /* Release */,
			);
			defaultConfigurationIsVisible = 0;
			defaultConfigurationName = Release;
		};
		D80D59172938E3A800BE9B25 /* Build configuration list for PBXNativeTarget "KellerAppUITests" */ = {
			isa = XCConfigurationList;
			buildConfigurations = (
				D80D59182938E3A800BE9B25 /* Debug */,
				D80D59192938E3A800BE9B25 /* Release */,
			);
			defaultConfigurationIsVisible = 0;
			defaultConfigurationName = Release;
		};
/* End XCConfigurationList section */

/* Begin XCRemoteSwiftPackageReference section */
		D80D59202938F9BC00BE9B25 /* XCRemoteSwiftPackageReference "firebase-ios-sdk" */ = {
			isa = XCRemoteSwiftPackageReference;
			repositoryURL = "https://github.com/firebase/firebase-ios-sdk";
			requirement = {
				kind = upToNextMajorVersion;
				minimumVersion = 9.0.0;
			};
		};
/* End XCRemoteSwiftPackageReference section */

/* Begin XCSwiftPackageProductDependency section */
		D80D59212938F9BC00BE9B25 /* FirebaseAuth */ = {
			isa = XCSwiftPackageProductDependency;
			package = D80D59202938F9BC00BE9B25 /* XCRemoteSwiftPackageReference "firebase-ios-sdk" */;
			productName = FirebaseAuth;
		};
		D80D59232938F9BC00BE9B25 /* FirebaseDatabase */ = {
			isa = XCSwiftPackageProductDependency;
			package = D80D59202938F9BC00BE9B25 /* XCRemoteSwiftPackageReference "firebase-ios-sdk" */;
			productName = FirebaseDatabase;
		};
		D80D59252938F9BC00BE9B25 /* FirebaseFirestore */ = {
			isa = XCSwiftPackageProductDependency;
			package = D80D59202938F9BC00BE9B25 /* XCRemoteSwiftPackageReference "firebase-ios-sdk" */;
			productName = FirebaseFirestore;
		};
		D80D59272938F9BC00BE9B25 /* FirebaseStorage */ = {
			isa = XCSwiftPackageProductDependency;
			package = D80D59202938F9BC00BE9B25 /* XCRemoteSwiftPackageReference "firebase-ios-sdk" */;
			productName = FirebaseStorage;
		};
/* End XCSwiftPackageProductDependency section */
	};
	rootObject = D80D58DF2938E3A700BE9B25 /* Project object */;
}
